
Microsoft Visual Studio Solution File, Format Version 12.00
# Visual Studio Version 17
VisualStudioVersion = 17.0.31903.59
MinimumVisualStudioVersion = 10.0.40219.1
Project("{9A19103F-16F7-4668-BE54-9A1E7A4F7556}") = "TronApi", "TronApi\TronApi.csproj", "{FE626E84-C2A2-4CF2-820C-F9F1E99A692B}"
EndProject
Global
	GlobalSection(SolutionConfigurationPlatforms) = preSolution
		Debug|Any CPU = Debug|Any CPU
		Release|Any CPU = Release|Any CPU
	EndGlobalSection
	GlobalSection(ProjectConfigurationPlatforms) = postSolution
		{FE626E84-C2A2-4CF2-820C-F9F1E99A692B}.Debug|Any CPU.ActiveCfg = Debug|Any CPU
		{FE626E84-C2A2-4CF2-820C-F9F1E99A692B}.Debug|Any CPU.Build.0 = Debug|Any CPU
		{FE626E84-C2A2-4CF2-820C-F9F1E99A692B}.Release|Any CPU.ActiveCfg = Release|Any CPU
		{FE626E84-C2A2-4CF2-820C-F9F1E99A692B}.Release|Any CPU.Build.0 = Release|Any CPU
	EndGlobalSection
	GlobalSection(SolutionProperties) = preSolution
		HideSolutionNode = FALSE
	EndGlobalSection
	GlobalSection(ExtensibilityGlobals) = postSolution
		SolutionGuid = {44C3BC22-9949-43D8-A1ED-B0E792F8A23D}
	EndGlobalSection
EndGlobal
